
Microsoft Visual Studio Solution File, Format Version 12.00
# Visual Studio 15
VisualStudioVersion = 15.0.27703.2042
MinimumVisualStudioVersion = 10.0.40219.1
Project("{FAE04EC0-301F-11D3-BF4B-00C04F79EFBC}") = "CodePractice", "CodePractice\CodePractice.csproj", "{856E65BC-7757-4CAE-9426-E9FA58761159}"
EndProject
Global
	GlobalSection(SolutionConfigurationPlatforms) = preSolution
		Debug|Any CPU = Debug|Any CPU
		Release|Any CPU = Release|Any CPU
	EndGlobalSection
	GlobalSection(ProjectConfigurationPlatforms) = postSolution
		{856E65BC-7757-4CAE-9426-E9FA58761159}.Debug|Any CPU.ActiveCfg = Debug|Any CPU
		{856E65BC-7757-4CAE-9426-E9FA58761159}.Debug|Any CPU.Build.0 = Debug|Any CPU
		{856E65BC-7757-4CAE-9426-E9FA58761159}.Release|Any CPU.ActiveCfg = Release|Any CPU
		{856E65BC-7757-4CAE-9426-E9FA58761159}.Release|Any CPU.Build.0 = Release|Any CPU
	EndGlobalSection
	GlobalSection(SolutionProperties) = preSolution
		HideSolutionNode = FALSE
	EndGlobalSection
	GlobalSection(ExtensibilityGlobals) = postSolution
		SolutionGuid = {9C268FB9-E4F4-4323-B22D-8CA50EE2F0FE}
	EndGlobalSection
EndGlobal
